
Microsoft Visual Studio Solution File, Format Version 11.00
# Visual Studio 2010
Project("{FAE04EC0-301F-11D3-BF4B-00C04F79EFBC}") = "Assembly-CSharp", "Assembly-CSharp.csproj", "{C77B2FFB-3ABA-2550-4621-C2E23AAEA27B}"
EndProject
Project("{FAE04EC0-301F-11D3-BF4B-00C04F79EFBC}") = "Assembly-CSharp-Editor", "Assembly-CSharp-Editor.csproj", "{A7B84027-D6C2-3A7D-5720-E0A75E907AEA}"
EndProject
Global
	GlobalSection(SolutionConfigurationPlatforms) = preSolution
		Debug|Any CPU = Debug|Any CPU
		Release|Any CPU = Release|Any CPU
	EndGlobalSection
	GlobalSection(ProjectConfigurationPlatforms) = postSolution
		{C77B2FFB-3ABA-2550-4621-C2E23AAEA27B}.Debug|Any CPU.ActiveCfg = Debug|Any CPU
		{C77B2FFB-3ABA-2550-4621-C2E23AAEA27B}.Debug|Any CPU.Build.0 = Debug|Any CPU
		{C77B2FFB-3ABA-2550-4621-C2E23AAEA27B}.Release|Any CPU.ActiveCfg = Release|Any CPU
		{C77B2FFB-3ABA-2550-4621-C2E23AAEA27B}.Release|Any CPU.Build.0 = Release|Any CPU
		{A7B84027-D6C2-3A7D-5720-E0A75E907AEA}.Debug|Any CPU.ActiveCfg = Debug|Any CPU
		{A7B84027-D6C2-3A7D-5720-E0A75E907AEA}.Debug|Any CPU.Build.0 = Debug|Any CPU
		{A7B84027-D6C2-3A7D-5720-E0A75E907AEA}.Release|Any CPU.ActiveCfg = Release|Any CPU
		{A7B84027-D6C2-3A7D-5720-E0A75E907AEA}.Release|Any CPU.Build.0 = Release|Any CPU
	EndGlobalSection
	GlobalSection(SolutionProperties) = preSolution
		HideSolutionNode = FALSE
	EndGlobalSection
EndGlobal
